
Microsoft Visual Studio Solution File, Format Version 12.00
# Visual Studio Version 16
VisualStudioVersion = 25.0.1706.14
MinimumVisualStudioVersion = 10.0.40219.1
Project("{FAE04EC0-301F-11D3-BF4B-00C04F79EFBC}") = "MBandWtasksAPI", "MBandWtasksAPI\MBandWtasksAPI.csproj", "{91A307FF-6C7E-4670-BB2F-F7F21F5EC36B}"
EndProject
Global
	GlobalSection(SolutionConfigurationPlatforms) = preSolution
		Debug|Any CPU = Debug|Any CPU
		Release|Any CPU = Release|Any CPU
	EndGlobalSection
	GlobalSection(ProjectConfigurationPlatforms) = postSolution
		{91A307FF-6C7E-4670-BB2F-F7F21F5EC36B}.Debug|Any CPU.ActiveCfg = Debug|Any CPU
		{91A307FF-6C7E-4670-BB2F-F7F21F5EC36B}.Debug|Any CPU.Build.0 = Debug|Any CPU
		{91A307FF-6C7E-4670-BB2F-F7F21F5EC36B}.Release|Any CPU.ActiveCfg = Release|Any CPU
		{91A307FF-6C7E-4670-BB2F-F7F21F5EC36B}.Release|Any CPU.Build.0 = Release|Any CPU
	EndGlobalSection
	GlobalSection(SolutionProperties) = preSolution
		HideSolutionNode = FALSE
	EndGlobalSection
	GlobalSection(ExtensibilityGlobals) = postSolution
		SolutionGuid = {BF09C9A5-5EE5-4A01-9439-EEE3C3AC651B}
	EndGlobalSection
EndGlobal
